
Microsoft Visual Studio Solution File, Format Version 12.00
# Visual Studio 2013
VisualStudioVersion = 12.0.21005.1
MinimumVisualStudioVersion = 10.0.40219.1
Project("{FAE04EC0-301F-11D3-BF4B-00C04F79EFBC}") = "Dr_U_App", "Dr_U_App\Dr_U_App.csproj", "{C0395442-8BE5-416A-9E6F-B37034972E9C}"
EndProject
Global
	GlobalSection(SolutionConfigurationPlatforms) = preSolution
		Ad-Hoc|iPhone = Ad-Hoc|iPhone
		Ad-Hoc|iPhoneSimulator = Ad-Hoc|iPhoneSimulator
		AppStore|iPhone = AppStore|iPhone
		AppStore|iPhoneSimulator = AppStore|iPhoneSimulator
		Debug|iPhone = Debug|iPhone
		Debug|iPhoneSimulator = Debug|iPhoneSimulator
		Release|iPhone = Release|iPhone
		Release|iPhoneSimulator = Release|iPhoneSimulator
	EndGlobalSection
	GlobalSection(ProjectConfigurationPlatforms) = postSolution
		{C0395442-8BE5-416A-9E6F-B37034972E9C}.Ad-Hoc|iPhone.ActiveCfg = Ad-Hoc|iPhone
		{C0395442-8BE5-416A-9E6F-B37034972E9C}.Ad-Hoc|iPhone.Build.0 = Ad-Hoc|iPhone
		{C0395442-8BE5-416A-9E6F-B37034972E9C}.Ad-Hoc|iPhoneSimulator.ActiveCfg = Ad-Hoc|iPhone
		{C0395442-8BE5-416A-9E6F-B37034972E9C}.AppStore|iPhone.ActiveCfg = AppStore|iPhone
		{C0395442-8BE5-416A-9E6F-B37034972E9C}.AppStore|iPhone.Build.0 = AppStore|iPhone
		{C0395442-8BE5-416A-9E6F-B37034972E9C}.AppStore|iPhoneSimulator.ActiveCfg = AppStore|iPhone
		{C0395442-8BE5-416A-9E6F-B37034972E9C}.Debug|iPhone.ActiveCfg = Debug|iPhone
		{C0395442-8BE5-416A-9E6F-B37034972E9C}.Debug|iPhone.Build.0 = Debug|iPhone
		{C0395442-8BE5-416A-9E6F-B37034972E9C}.Debug|iPhoneSimulator.ActiveCfg = Debug|iPhoneSimulator
		{C0395442-8BE5-416A-9E6F-B37034972E9C}.Debug|iPhoneSimulator.Build.0 = Debug|iPhoneSimulator
		{C0395442-8BE5-416A-9E6F-B37034972E9C}.Release|iPhone.ActiveCfg = Release|iPhone
		{C0395442-8BE5-416A-9E6F-B37034972E9C}.Release|iPhone.Build.0 = Release|iPhone
		{C0395442-8BE5-416A-9E6F-B37034972E9C}.Release|iPhoneSimulator.ActiveCfg = Release|iPhoneSimulator
		{C0395442-8BE5-416A-9E6F-B37034972E9C}.Release|iPhoneSimulator.Build.0 = Release|iPhoneSimulator
	EndGlobalSection
	GlobalSection(SolutionProperties) = preSolution
		HideSolutionNode = FALSE
	EndGlobalSection
	GlobalSection(MonoDevelopProperties) = preSolution
		StartupItem = Dr_U_App\Dr_U_App.csproj
	EndGlobalSection
EndGlobal
